
Microsoft Visual Studio Solution File, Format Version 12.00
# Visual Studio Version 17
VisualStudioVersion = 17.10.35013.160
MinimumVisualStudioVersion = 10.0.40219.1
Project("{9A19103F-16F7-4668-BE54-9A1E7A4F7556}") = "NZWalk.API", "NZWalk.API\NZWalk.API.csproj", "{562E851F-6492-4989-8AC9-0DECD6AAA595}"
EndProject
Global
	GlobalSection(SolutionConfigurationPlatforms) = preSolution
		Debug|Any CPU = Debug|Any CPU
		Release|Any CPU = Release|Any CPU
	EndGlobalSection
	GlobalSection(ProjectConfigurationPlatforms) = postSolution
		{562E851F-6492-4989-8AC9-0DECD6AAA595}.Debug|Any CPU.ActiveCfg = Debug|Any CPU
		{562E851F-6492-4989-8AC9-0DECD6AAA595}.Debug|Any CPU.Build.0 = Debug|Any CPU
		{562E851F-6492-4989-8AC9-0DECD6AAA595}.Release|Any CPU.ActiveCfg = Release|Any CPU
		{562E851F-6492-4989-8AC9-0DECD6AAA595}.Release|Any CPU.Build.0 = Release|Any CPU
	EndGlobalSection
	GlobalSection(SolutionProperties) = preSolution
		HideSolutionNode = FALSE
	EndGlobalSection
	GlobalSection(ExtensibilityGlobals) = postSolution
		SolutionGuid = {B82DDD51-FFDD-4710-A71B-9FEA211F329E}
	EndGlobalSection
EndGlobal
